# THIS IS AN AUTOGENERATED FILE. DO NOT EDIT THIS FILE DIRECTLY.
# yarn lockfile v1


"@apollo/protobufjs@1.2.6":
  version "1.2.6"
  resolved "https://registry.npmjs.org/@apollo/protobufjs/-/protobufjs-1.2.6.tgz"
  dependencies:
    "@protobufjs/aspromise" "^1.1.2"
    "@protobufjs/base64" "^1.1.2"
    "@protobufjs/codegen" "^2.0.4"
    "@protobufjs/eventemitter" "^1.1.0"
    "@protobufjs/fetch" "^1.1.0"
    "@protobufjs/float" "^1.0.2"
    "@protobufjs/inquire" "^1.1.0"
    "@protobufjs/path" "^1.1.2"
    "@protobufjs/pool" "^1.1.0"
    "@protobufjs/utf8" "^1.1.0"
    "@types/long" "^4.0.0"
    "@types/node" "^10.1.0"
    long "^4.0.0"

"@apollo/protobufjs@1.2.7":
  version "1.2.7"
  resolved "https://registry.npmjs.org/@apollo/protobufjs/-/protobufjs-1.2.7.tgz"
  dependencies:
    "@protobufjs/aspromise" "^1.1.2"
    "@protobufjs/base64" "^1.1.2"
    "@protobufjs/codegen" "^2.0.4"
    "@protobufjs/eventemitter" "^1.1.0"
    "@protobufjs/fetch" "^1.1.0"
    "@protobufjs/float" "^1.0.2"
    "@protobufjs/inquire" "^1.1.0"
    "@protobufjs/path" "^1.1.2"
    "@protobufjs/pool" "^1.1.0"
    "@protobufjs/utf8" "^1.1.0"
    "@types/long" "^4.0.0"
    long "^4.0.0"

"@apollo/usage-reporting-protobuf@^4.0.0":
  version "4.1.1"
  resolved "https://registry.npmjs.org/@apollo/usage-reporting-protobuf/-/usage-reporting-protobuf-4.1.1.tgz"
  dependencies:
    "@apollo/protobufjs" "1.2.7"

"@apollo/utils.dropunuseddefinitions@^1.1.0":
  version "1.1.0"
  resolved "https://registry.npmjs.org/@apollo/utils.dropunuseddefinitions/-/utils.dropunuseddefinitions-1.1.0.tgz"

"@apollo/utils.keyvaluecache@^1.0.1":
  version "1.0.2"
  resolved "https://registry.npmjs.org/@apollo/utils.keyvaluecache/-/utils.keyvaluecache-1.0.2.tgz"
  dependencies:
    "@apollo/utils.logger" "^1.0.0"
    lru-cache "7.10.1 - 7.13.1"

"@apollo/utils.logger@^1.0.0":
  version "1.0.1"
  resolved "https://registry.npmjs.org/@apollo/utils.logger/-/utils.logger-1.0.1.tgz"

"@apollo/utils.printwithreducedwhitespace@^1.1.0":
  version "1.1.0"
  resolved "https://registry.npmjs.org/@apollo/utils.printwithreducedwhitespace/-/utils.printwithreducedwhitespace-1.1.0.tgz"

"@apollo/utils.removealiases@1.0.0":
  version "1.0.0"
  resolved "https://registry.npmjs.org/@apollo/utils.removealiases/-/utils.removealiases-1.0.0.tgz"

"@apollo/utils.sortast@^1.1.0":
  version "1.1.0"
  resolved "https://registry.npmjs.org/@apollo/utils.sortast/-/utils.sortast-1.1.0.tgz"
  dependencies:
    lodash.sortby "^4.7.0"

"@apollo/utils.stripsensitiveliterals@^1.2.0":
  version "1.2.0"
  resolved "https://registry.npmjs.org/@apollo/utils.stripsensitiveliterals/-/utils.stripsensitiveliterals-1.2.0.tgz"

"@apollo/utils.usagereporting@^1.0.0":
  version "1.0.1"
  resolved "https://registry.npmjs.org/@apollo/utils.usagereporting/-/utils.usagereporting-1.0.1.tgz"
  dependencies:
    "@apollo/usage-reporting-protobuf" "^4.0.0"
    "@apollo/utils.dropunuseddefinitions" "^1.1.0"
    "@apollo/utils.printwithreducedwhitespace" "^1.1.0"
    "@apollo/utils.removealiases" "1.0.0"
    "@apollo/utils.sortast" "^1.1.0"
    "@apollo/utils.stripsensitiveliterals" "^1.2.0"

"@apollographql/apollo-tools@^0.5.3":
  version "0.5.4"
  resolved "https://registry.npmjs.org/@apollographql/apollo-tools/-/apollo-tools-0.5.4.tgz"

"@apollographql/graphql-playground-html@1.6.29":
  version "1.6.29"
  resolved "https://registry.npmjs.org/@apollographql/graphql-playground-html/-/graphql-playground-html-1.6.29.tgz"
  dependencies:
    xss "^1.0.8"

"@cspotcode/source-map-support@^0.8.0":
  version "0.8.1"
  resolved "https://registry.npmjs.org/@cspotcode/source-map-support/-/source-map-support-0.8.1.tgz"
  dependencies:
    "@jridgewell/trace-mapping" "0.3.9"

"@graphql-tools/merge@8.3.1":
  version "8.3.1"
  resolved "https://registry.npmjs.org/@graphql-tools/merge/-/merge-8.3.1.tgz"
  dependencies:
    "@graphql-tools/utils" "8.9.0"
    tslib "^2.4.0"

"@graphql-tools/merge@^8.4.1":
  version "8.4.2"
  resolved "https://registry.npmjs.org/@graphql-tools/merge/-/merge-8.4.2.tgz"
  dependencies:
    "@graphql-tools/utils" "^9.2.1"
    tslib "^2.4.0"

"@graphql-tools/mock@^8.1.2":
  version "8.7.20"
  resolved "https://registry.npmjs.org/@graphql-tools/mock/-/mock-8.7.20.tgz"
  dependencies:
    "@graphql-tools/schema" "^9.0.18"
    "@graphql-tools/utils" "^9.2.1"
    fast-json-stable-stringify "^2.1.0"
    tslib "^2.4.0"

"@graphql-tools/schema@^8.0.0":
  version "8.5.1"
  resolved "https://registry.npmjs.org/@graphql-tools/schema/-/schema-8.5.1.tgz"
  dependencies:
    "@graphql-tools/merge" "8.3.1"
    "@graphql-tools/utils" "8.9.0"
    tslib "^2.4.0"
    value-or-promise "1.0.11"

"@graphql-tools/schema@^9.0.18":
  version "9.0.19"
  resolved "https://registry.npmjs.org/@graphql-tools/schema/-/schema-9.0.19.tgz"
  dependencies:
    "@graphql-tools/merge" "^8.4.1"
    "@graphql-tools/utils" "^9.2.1"
    tslib "^2.4.0"
    value-or-promise "^1.0.12"

"@graphql-tools/utils@8.9.0":
  version "8.9.0"
  resolved "https://registry.npmjs.org/@graphql-tools/utils/-/utils-8.9.0.tgz"
  dependencies:
    tslib "^2.4.0"

"@graphql-tools/utils@^9.2.1":
  version "9.2.1"
  resolved "https://registry.npmjs.org/@graphql-tools/utils/-/utils-9.2.1.tgz"
  dependencies:
    "@graphql-typed-document-node/core" "^3.1.1"
    tslib "^2.4.0"

"@graphql-typed-document-node/core@^3.1.1":
  version "3.2.0"
  resolved "https://registry.npmjs.org/@graphql-typed-document-node/core/-/core-3.2.0.tgz"

"@graphql-yoga/subscription@^5.0.0":
  version "5.0.1"
  resolved "https://registry.npmjs.org/@graphql-yoga/subscription/-/subscription-5.0.1.tgz"
  dependencies:
    "@graphql-yoga/typed-event-target" "^3.0.0"
    "@repeaterjs/repeater" "^3.0.4"
    "@whatwg-node/events" "^0.1.0"
    tslib "^2.5.2"

"@graphql-yoga/typed-event-target@^3.0.0":
  version "3.0.0"
  resolved "https://registry.npmjs.org/@graphql-yoga/typed-event-target/-/typed-event-target-3.0.0.tgz"
  dependencies:
    "@repeaterjs/repeater" "^3.0.4"
    tslib "^2.5.2"

"@josephg/resolvable@^1.0.0":
  version "1.0.1"
  resolved "https://registry.npmjs.org/@josephg/resolvable/-/resolvable-1.0.1.tgz"

"@jridgewell/resolve-uri@^3.0.3":
  version "3.1.2"
  resolved "https://registry.npmjs.org/@jridgewell/resolve-uri/-/resolve-uri-3.1.2.tgz"

"@jridgewell/sourcemap-codec@^1.4.10":
  version "1.5.0"
  resolved "https://registry.npmjs.org/@jridgewell/sourcemap-codec/-/sourcemap-codec-1.5.0.tgz"

"@jridgewell/trace-mapping@0.3.9":
  version "0.3.9"
  resolved "https://registry.npmjs.org/@jridgewell/trace-mapping/-/trace-mapping-0.3.9.tgz"
  dependencies:
    "@jridgewell/resolve-uri" "^3.0.3"
    "@jridgewell/sourcemap-codec" "^1.4.10"

"@prisma/client@^5.19.0":
  version "5.19.0"
  resolved "https://registry.npmjs.org/@prisma/client/-/client-5.19.0.tgz"

"@prisma/debug@5.19.0":
  version "5.19.0"
  resolved "https://registry.npmjs.org/@prisma/debug/-/debug-5.19.0.tgz"

"@prisma/engines-version@5.19.0-31.5fe21811a6ba0b952a3bc71400666511fe3b902f":
  version "5.19.0-31.5fe21811a6ba0b952a3bc71400666511fe3b902f"
  resolved "https://registry.npmjs.org/@prisma/engines-version/-/engines-version-5.19.0-31.5fe21811a6ba0b952a3bc71400666511fe3b902f.tgz"

"@prisma/engines@5.19.0":
  version "5.19.0"
  resolved "https://registry.npmjs.org/@prisma/engines/-/engines-5.19.0.tgz"
  dependencies:
    "@prisma/debug" "5.19.0"
    "@prisma/engines-version" "5.19.0-31.5fe21811a6ba0b952a3bc71400666511fe3b902f"
    "@prisma/fetch-engine" "5.19.0"
    "@prisma/get-platform" "5.19.0"

"@prisma/fetch-engine@5.19.0":
  version "5.19.0"
  resolved "https://registry.npmjs.org/@prisma/fetch-engine/-/fetch-engine-5.19.0.tgz"
  dependencies:
    "@prisma/debug" "5.19.0"
    "@prisma/engines-version" "5.19.0-31.5fe21811a6ba0b952a3bc71400666511fe3b902f"
    "@prisma/get-platform" "5.19.0"

"@prisma/get-platform@5.19.0":
  version "5.19.0"
  resolved "https://registry.npmjs.org/@prisma/get-platform/-/get-platform-5.19.0.tgz"
  dependencies:
    "@prisma/debug" "5.19.0"

"@protobufjs/aspromise@^1.1.1", "@protobufjs/aspromise@^1.1.2":
  version "1.1.2"
  resolved "https://registry.npmjs.org/@protobufjs/aspromise/-/aspromise-1.1.2.tgz"

"@protobufjs/base64@^1.1.2":
  version "1.1.2"
  resolved "https://registry.npmjs.org/@protobufjs/base64/-/base64-1.1.2.tgz"

"@protobufjs/codegen@^2.0.4":
  version "2.0.4"
  resolved "https://registry.npmjs.org/@protobufjs/codegen/-/codegen-2.0.4.tgz"

"@protobufjs/eventemitter@^1.1.0":
  version "1.1.0"
  resolved "https://registry.npmjs.org/@protobufjs/eventemitter/-/eventemitter-1.1.0.tgz"

"@protobufjs/fetch@^1.1.0":
  version "1.1.0"
  resolved "https://registry.npmjs.org/@protobufjs/fetch/-/fetch-1.1.0.tgz"
  dependencies:
    "@protobufjs/aspromise" "^1.1.1"
    "@protobufjs/inquire" "^1.1.0"

"@protobufjs/float@^1.0.2":
  version "1.0.2"
  resolved "https://registry.npmjs.org/@protobufjs/float/-/float-1.0.2.tgz"

"@protobufjs/inquire@^1.1.0":
  version "1.1.0"
  resolved "https://registry.npmjs.org/@protobufjs/inquire/-/inquire-1.1.0.tgz"

"@protobufjs/path@^1.1.2":
  version "1.1.2"
  resolved "https://registry.npmjs.org/@protobufjs/path/-/path-1.1.2.tgz"

"@protobufjs/pool@^1.1.0":
  version "1.1.0"
  resolved "https://registry.npmjs.org/@protobufjs/pool/-/pool-1.1.0.tgz"

"@protobufjs/utf8@^1.1.0":
  version "1.1.0"
  resolved "https://registry.npmjs.org/@protobufjs/utf8/-/utf8-1.1.0.tgz"

"@repeaterjs/repeater@^3.0.4":
  version "3.0.6"
  resolved "https://registry.npmjs.org/@repeaterjs/repeater/-/repeater-3.0.6.tgz"

"@tsconfig/node10@^1.0.7":
  version "1.0.11"
  resolved "https://registry.npmjs.org/@tsconfig/node10/-/node10-1.0.11.tgz"

"@tsconfig/node12@^1.0.7":
  version "1.0.11"
  resolved "https://registry.npmjs.org/@tsconfig/node12/-/node12-1.0.11.tgz"

"@tsconfig/node14@^1.0.0":
  version "1.0.3"
  resolved "https://registry.npmjs.org/@tsconfig/node14/-/node14-1.0.3.tgz"

"@tsconfig/node16@^1.0.2":
  version "1.0.4"
  resolved "https://registry.npmjs.org/@tsconfig/node16/-/node16-1.0.4.tgz"

"@types/accepts@^1.3.5":
  version "1.3.7"
  resolved "https://registry.npmjs.org/@types/accepts/-/accepts-1.3.7.tgz"
  dependencies:
    "@types/node" "*"

"@types/bcryptjs@^2.4.6":
  version "2.4.6"
  resolved "https://registry.npmjs.org/@types/bcryptjs/-/bcryptjs-2.4.6.tgz"

"@types/body-parser@*":
  version "1.19.5"
  resolved "https://registry.npmjs.org/@types/body-parser/-/body-parser-1.19.5.tgz"
  dependencies:
    "@types/connect" "*"
    "@types/node" "*"

"@types/body-parser@1.19.2":
  version "1.19.2"
  resolved "https://registry.npmjs.org/@types/body-parser/-/body-parser-1.19.2.tgz"
  dependencies:
    "@types/connect" "*"
    "@types/node" "*"

"@types/connect@*":
  version "3.4.38"
  resolved "https://registry.npmjs.org/@types/connect/-/connect-3.4.38.tgz"
  dependencies:
    "@types/node" "*"

"@types/cors@2.8.12":
  version "2.8.12"
  resolved "https://registry.npmjs.org/@types/cors/-/cors-2.8.12.tgz"

"@types/express-serve-static-core@4.17.31":
  version "4.17.31"
  resolved "https://registry.npmjs.org/@types/express-serve-static-core/-/express-serve-static-core-4.17.31.tgz"
  dependencies:
    "@types/node" "*"
    "@types/qs" "*"
    "@types/range-parser" "*"

"@types/express-serve-static-core@^4.17.18", "@types/express-serve-static-core@^4.17.33":
  version "4.19.5"
  resolved "https://registry.npmjs.org/@types/express-serve-static-core/-/express-serve-static-core-4.19.5.tgz"
  dependencies:
    "@types/node" "*"
    "@types/qs" "*"
    "@types/range-parser" "*"
    "@types/send" "*"

"@types/express@4.17.14":
  version "4.17.14"
  resolved "https://registry.npmjs.org/@types/express/-/express-4.17.14.tgz"
  dependencies:
    "@types/body-parser" "*"
    "@types/express-serve-static-core" "^4.17.18"
    "@types/qs" "*"
    "@types/serve-static" "*"

"@types/express@^4.17.21":
  version "4.17.21"
  resolved "https://registry.npmjs.org/@types/express/-/express-4.17.21.tgz"
  dependencies:
    "@types/body-parser" "*"
    "@types/express-serve-static-core" "^4.17.33"
    "@types/qs" "*"
    "@types/serve-static" "*"

"@types/http-errors@*":
  version "2.0.4"
  resolved "https://registry.npmjs.org/@types/http-errors/-/http-errors-2.0.4.tgz"

"@types/ip@^1.1.3":
  version "1.1.3"
  resolved "https://registry.npmjs.org/@types/ip/-/ip-1.1.3.tgz"
  dependencies:
    "@types/node" "*"

"@types/jsonwebtoken@^9.0.6":
  version "9.0.6"
  resolved "https://registry.npmjs.org/@types/jsonwebtoken/-/jsonwebtoken-9.0.6.tgz"
  dependencies:
    "@types/node" "*"

"@types/long@^4.0.0":
  version "4.0.2"
  resolved "https://registry.npmjs.org/@types/long/-/long-4.0.2.tgz"

"@types/mime@^1":
  version "1.3.5"
  resolved "https://registry.npmjs.org/@types/mime/-/mime-1.3.5.tgz"

"@types/node@*", "@types/node@^22.5.0":
  version "22.5.0"
  resolved "https://registry.npmjs.org/@types/node/-/node-22.5.0.tgz"
  dependencies:
    undici-types "~6.19.2"

"@types/node@^10.1.0":
  version "10.17.60"
  resolved "https://registry.npmjs.org/@types/node/-/node-10.17.60.tgz"

"@types/node@^20.14.0":
  version "20.19.21"
  resolved "https://registry.yarnpkg.com/@types/node/-/node-20.19.21.tgz#6e5378e04993c40395473b13baf94a09875157b8"
  integrity sha512-CsGG2P3I5y48RPMfprQGfy4JPRZ6csfC3ltBZSRItG3ngggmNY/qs2uZKp4p9VbrpqNNSMzUZNFZKzgOGnd/VA==
  dependencies:
    undici-types "~6.21.0"

"@types/nodemailer@^6.4.16":
  version "6.4.16"
  resolved "https://registry.npmjs.org/@types/nodemailer/-/nodemailer-6.4.16.tgz"
  integrity sha512-uz6hN6Pp0upXMcilM61CoKyjT7sskBoOWpptkjjJp8jIMlTdc3xG01U7proKkXzruMS4hS0zqtHNkNPFB20rKQ==
  dependencies:
    "@types/node" "*"

"@types/qs@*":
  version "6.9.15"
  resolved "https://registry.npmjs.org/@types/qs/-/qs-6.9.15.tgz"

"@types/range-parser@*":
  version "1.2.7"
  resolved "https://registry.npmjs.org/@types/range-parser/-/range-parser-1.2.7.tgz"

"@types/semver@^7.5.6":
  version "7.5.8"
  resolved "https://registry.npmjs.org/@types/semver/-/semver-7.5.8.tgz"

"@types/send@*":
  version "0.17.4"
  resolved "https://registry.npmjs.org/@types/send/-/send-0.17.4.tgz"
  dependencies:
    "@types/mime" "^1"
    "@types/node" "*"

"@types/serve-static@*":
  version "1.15.7"
  resolved "https://registry.npmjs.org/@types/serve-static/-/serve-static-1.15.7.tgz"
  dependencies:
    "@types/http-errors" "*"
    "@types/node" "*"
    "@types/send" "*"

"@types/uuid@^10.0.0":
  version "10.0.0"
  resolved "https://registry.npmjs.org/@types/uuid/-/uuid-10.0.0.tgz"

"@types/validator@^13.11.8":
  version "13.12.0"
  resolved "https://registry.npmjs.org/@types/validator/-/validator-13.12.0.tgz"

"@whatwg-node/events@^0.1.0":
  version "0.1.2"
  resolved "https://registry.npmjs.org/@whatwg-node/events/-/events-0.1.2.tgz"
  dependencies:
    tslib "^2.6.3"

accepts@^1.3.5, accepts@~1.3.8:
  version "1.3.8"
  resolved "https://registry.npmjs.org/accepts/-/accepts-1.3.8.tgz"
  dependencies:
    mime-types "~2.1.34"
    negotiator "0.6.3"

acorn-walk@^8.1.1:
  version "8.3.3"
  resolved "https://registry.npmjs.org/acorn-walk/-/acorn-walk-8.3.3.tgz"
  dependencies:
    acorn "^8.11.0"

acorn@^8.11.0, acorn@^8.4.1:
  version "8.12.1"
  resolved "https://registry.npmjs.org/acorn/-/acorn-8.12.1.tgz"

anymatch@~3.1.2:
  version "3.1.3"
  resolved "https://registry.npmjs.org/anymatch/-/anymatch-3.1.3.tgz"
  dependencies:
    normalize-path "^3.0.0"
    picomatch "^2.0.4"

apollo-datasource@^3.3.2:
  version "3.3.2"
  resolved "https://registry.npmjs.org/apollo-datasource/-/apollo-datasource-3.3.2.tgz"
  dependencies:
    "@apollo/utils.keyvaluecache" "^1.0.1"
    apollo-server-env "^4.2.1"

apollo-reporting-protobuf@^3.4.0:
  version "3.4.0"
  resolved "https://registry.npmjs.org/apollo-reporting-protobuf/-/apollo-reporting-protobuf-3.4.0.tgz"
  dependencies:
    "@apollo/protobufjs" "1.2.6"

apollo-server-core@^3.13.0:
  version "3.13.0"
  resolved "https://registry.npmjs.org/apollo-server-core/-/apollo-server-core-3.13.0.tgz"
  integrity sha512-v/g6DR6KuHn9DYSdtQijz8dLOkP78I5JSVJzPkARhDbhpH74QNwrQ2PP2URAPPEDJ2EeZNQDX8PvbYkAKqg+kg==
  dependencies:
    "@apollo/utils.keyvaluecache" "^1.0.1"
    "@apollo/utils.logger" "^1.0.0"
    "@apollo/utils.usagereporting" "^1.0.0"
    "@apollographql/apollo-tools" "^0.5.3"
    "@apollographql/graphql-playground-html" "1.6.29"
    "@graphql-tools/mock" "^8.1.2"
    "@graphql-tools/schema" "^8.0.0"
    "@josephg/resolvable" "^1.0.0"
    apollo-datasource "^3.3.2"
    apollo-reporting-protobuf "^3.4.0"
    apollo-server-env "^4.2.1"
    apollo-server-errors "^3.3.1"
    apollo-server-plugin-base "^3.7.2"
    apollo-server-types "^3.8.0"
    async-retry "^1.2.1"
    fast-json-stable-stringify "^2.1.0"
    graphql-tag "^2.11.0"
    loglevel "^1.6.8"
    lru-cache "^6.0.0"
    node-abort-controller "^3.0.1"
    sha.js "^2.4.11"
    uuid "^9.0.0"
    whatwg-mimetype "^3.0.0"

apollo-server-env@^4.2.1:
  version "4.2.1"
  resolved "https://registry.npmjs.org/apollo-server-env/-/apollo-server-env-4.2.1.tgz"
  dependencies:
    node-fetch "^2.6.7"

apollo-server-errors@^3.3.1:
  version "3.3.1"
  resolved "https://registry.npmjs.org/apollo-server-errors/-/apollo-server-errors-3.3.1.tgz"

apollo-server-express@^3.13.0:
  version "3.13.0"
  resolved "https://registry.npmjs.org/apollo-server-express/-/apollo-server-express-3.13.0.tgz"
  dependencies:
    "@types/accepts" "^1.3.5"
    "@types/body-parser" "1.19.2"
    "@types/cors" "2.8.12"
    "@types/express" "4.17.14"
    "@types/express-serve-static-core" "4.17.31"
    accepts "^1.3.5"
    apollo-server-core "^3.13.0"
    apollo-server-types "^3.8.0"
    body-parser "^1.19.0"
    cors "^2.8.5"
    parseurl "^1.3.3"

apollo-server-plugin-base@^3.7.2:
  version "3.7.2"
  resolved "https://registry.npmjs.org/apollo-server-plugin-base/-/apollo-server-plugin-base-3.7.2.tgz"
  dependencies:
    apollo-server-types "^3.8.0"

apollo-server-types@^3.8.0:
  version "3.8.0"
  resolved "https://registry.npmjs.org/apollo-server-types/-/apollo-server-types-3.8.0.tgz"
  dependencies:
    "@apollo/utils.keyvaluecache" "^1.0.1"
    "@apollo/utils.logger" "^1.0.0"
    apollo-reporting-protobuf "^3.4.0"
    apollo-server-env "^4.2.1"

arg@^4.1.0:
  version "4.1.3"
  resolved "https://registry.npmjs.org/arg/-/arg-4.1.3.tgz"

array-flatten@1.1.1:
  version "1.1.1"
  resolved "https://registry.npmjs.org/array-flatten/-/array-flatten-1.1.1.tgz"

async-retry@^1.2.1:
  version "1.3.3"
  resolved "https://registry.npmjs.org/async-retry/-/async-retry-1.3.3.tgz"
  dependencies:
    retry "0.13.1"

balanced-match@^1.0.0:
  version "1.0.2"
  resolved "https://registry.npmjs.org/balanced-match/-/balanced-match-1.0.2.tgz"

bcryptjs@^2.4.3:
  version "2.4.3"
  resolved "https://registry.npmjs.org/bcryptjs/-/bcryptjs-2.4.3.tgz"

binary-extensions@^2.0.0:
  version "2.3.0"
  resolved "https://registry.npmjs.org/binary-extensions/-/binary-extensions-2.3.0.tgz"

body-parser@1.20.2, body-parser@^1.19.0:
  version "1.20.2"
  resolved "https://registry.npmjs.org/body-parser/-/body-parser-1.20.2.tgz"
  dependencies:
    bytes "3.1.2"
    content-type "~1.0.5"
    debug "2.6.9"
    depd "2.0.0"
    destroy "1.2.0"
    http-errors "2.0.0"
    iconv-lite "0.4.24"
    on-finished "2.4.1"
    qs "6.11.0"
    raw-body "2.5.2"
    type-is "~1.6.18"
    unpipe "1.0.0"

brace-expansion@^1.1.7:
  version "1.1.11"
  resolved "https://registry.npmjs.org/brace-expansion/-/brace-expansion-1.1.11.tgz"
  dependencies:
    balanced-match "^1.0.0"
    concat-map "0.0.1"

braces@~3.0.2:
  version "3.0.3"
  resolved "https://registry.npmjs.org/braces/-/braces-3.0.3.tgz"
  dependencies:
    fill-range "^7.1.1"

buffer-equal-constant-time@1.0.1:
  version "1.0.1"
  resolved "https://registry.npmjs.org/buffer-equal-constant-time/-/buffer-equal-constant-time-1.0.1.tgz"

bytes@3.1.2:
  version "3.1.2"
  resolved "https://registry.npmjs.org/bytes/-/bytes-3.1.2.tgz"

call-bind@^1.0.7:
  version "1.0.7"
  resolved "https://registry.npmjs.org/call-bind/-/call-bind-1.0.7.tgz"
  dependencies:
    es-define-property "^1.0.0"
    es-errors "^1.3.0"
    function-bind "^1.1.2"
    get-intrinsic "^1.2.4"
    set-function-length "^1.2.1"

chokidar@^3.5.2:
  version "3.6.0"
  resolved "https://registry.npmjs.org/chokidar/-/chokidar-3.6.0.tgz"
  dependencies:
    anymatch "~3.1.2"
    braces "~3.0.2"
    glob-parent "~5.1.2"
    is-binary-path "~2.1.0"
    is-glob "~4.0.1"
    normalize-path "~3.0.0"
    readdirp "~3.6.0"
  optionalDependencies:
    fsevents "~2.3.2"

class-transformer@^0.5.1:
  version "0.5.1"
  resolved "https://registry.npmjs.org/class-transformer/-/class-transformer-0.5.1.tgz"

class-validator@^0.14.1:
  version "0.14.1"
  resolved "https://registry.npmjs.org/class-validator/-/class-validator-0.14.1.tgz"
  dependencies:
    "@types/validator" "^13.11.8"
    libphonenumber-js "^1.10.53"
    validator "^13.9.0"

commander@^2.20.3:
  version "2.20.3"
  resolved "https://registry.npmjs.org/commander/-/commander-2.20.3.tgz"

concat-map@0.0.1:
  version "0.0.1"
  resolved "https://registry.npmjs.org/concat-map/-/concat-map-0.0.1.tgz"

content-disposition@0.5.4:
  version "0.5.4"
  resolved "https://registry.npmjs.org/content-disposition/-/content-disposition-0.5.4.tgz"
  dependencies:
    safe-buffer "5.2.1"

content-type@~1.0.4, content-type@~1.0.5:
  version "1.0.5"
  resolved "https://registry.npmjs.org/content-type/-/content-type-1.0.5.tgz"

cookie-signature@1.0.6:
  version "1.0.6"
  resolved "https://registry.npmjs.org/cookie-signature/-/cookie-signature-1.0.6.tgz"

cookie@0.6.0:
  version "0.6.0"
  resolved "https://registry.npmjs.org/cookie/-/cookie-0.6.0.tgz"

cors@^2.8.5:
  version "2.8.5"
  resolved "https://registry.npmjs.org/cors/-/cors-2.8.5.tgz"
  dependencies:
    object-assign "^4"
    vary "^1"

create-require@^1.1.0:
  version "1.1.1"
  resolved "https://registry.npmjs.org/create-require/-/create-require-1.1.1.tgz"

cssfilter@0.0.10:
  version "0.0.10"
  resolved "https://registry.npmjs.org/cssfilter/-/cssfilter-0.0.10.tgz"

date-fns-tz@^3.2.0:
  version "3.2.0"
  resolved "https://registry.npmjs.org/date-fns-tz/-/date-fns-tz-3.2.0.tgz"
  integrity sha512-sg8HqoTEulcbbbVXeg84u5UnlsQa8GS5QXMqjjYIhS4abEVVKIUwe0/l/UhrZdKaL/W5eWZNlbTeEIiOXTcsBQ==

date-fns@^4.1.0:
  version "4.1.0"
  resolved "https://registry.npmjs.org/date-fns/-/date-fns-4.1.0.tgz"
  integrity sha512-Ukq0owbQXxa/U3EGtsdVBkR1w7KOQ5gIBqdH2hkvknzZPYvBxb/aa6E8L7tmjFtkwZBu3UXBbjIgPo/Ez4xaNg==

debug@2.6.9:
  version "2.6.9"
  resolved "https://registry.npmjs.org/debug/-/debug-2.6.9.tgz"
  dependencies:
    ms "2.0.0"

debug@^4:
  version "4.3.6"
  resolved "https://registry.npmjs.org/debug/-/debug-4.3.6.tgz"
  dependencies:
    ms "2.1.2"

define-data-property@^1.1.4:
  version "1.1.4"
  resolved "https://registry.npmjs.org/define-data-property/-/define-data-property-1.1.4.tgz"
  dependencies:
    es-define-property "^1.0.0"
    es-errors "^1.3.0"
    gopd "^1.0.1"

depd@2.0.0:
  version "2.0.0"
  resolved "https://registry.npmjs.org/depd/-/depd-2.0.0.tgz"

destroy@1.2.0:
  version "1.2.0"
  resolved "https://registry.npmjs.org/destroy/-/destroy-1.2.0.tgz"

diff@^4.0.1:
  version "4.0.2"
  resolved "https://registry.npmjs.org/diff/-/diff-4.0.2.tgz"

dotenv@^16.4.5:
  version "16.4.5"
  resolved "https://registry.npmjs.org/dotenv/-/dotenv-16.4.5.tgz"

ecdsa-sig-formatter@1.0.11:
  version "1.0.11"
  resolved "https://registry.npmjs.org/ecdsa-sig-formatter/-/ecdsa-sig-formatter-1.0.11.tgz"
  dependencies:
    safe-buffer "^5.0.1"

ee-first@1.1.1:
  version "1.1.1"
  resolved "https://registry.npmjs.org/ee-first/-/ee-first-1.1.1.tgz"

encodeurl@~1.0.2:
  version "1.0.2"
  resolved "https://registry.npmjs.org/encodeurl/-/encodeurl-1.0.2.tgz"

es-define-property@^1.0.0:
  version "1.0.0"
  resolved "https://registry.npmjs.org/es-define-property/-/es-define-property-1.0.0.tgz"
  dependencies:
    get-intrinsic "^1.2.4"

es-errors@^1.3.0:
  version "1.3.0"
  resolved "https://registry.npmjs.org/es-errors/-/es-errors-1.3.0.tgz"

escape-html@~1.0.3:
  version "1.0.3"
  resolved "https://registry.npmjs.org/escape-html/-/escape-html-1.0.3.tgz"

etag@~1.8.1:
  version "1.8.1"
  resolved "https://registry.npmjs.org/etag/-/etag-1.8.1.tgz"

express@^4.19.2:
  version "4.19.2"
  resolved "https://registry.npmjs.org/express/-/express-4.19.2.tgz"
  dependencies:
    accepts "~1.3.8"
    array-flatten "1.1.1"
    body-parser "1.20.2"
    content-disposition "0.5.4"
    content-type "~1.0.4"
    cookie "0.6.0"
    cookie-signature "1.0.6"
    debug "2.6.9"
    depd "2.0.0"
    encodeurl "~1.0.2"
    escape-html "~1.0.3"
    etag "~1.8.1"
    finalhandler "1.2.0"
    fresh "0.5.2"
    http-errors "2.0.0"
    merge-descriptors "1.0.1"
    methods "~1.1.2"
    on-finished "2.4.1"
    parseurl "~1.3.3"
    path-to-regexp "0.1.7"
    proxy-addr "~2.0.7"
    qs "6.11.0"
    range-parser "~1.2.1"
    safe-buffer "5.2.1"
    send "0.18.0"
    serve-static "1.15.0"
    setprototypeof "1.2.0"
    statuses "2.0.1"
    type-is "~1.6.18"
    utils-merge "1.0.1"
    vary "~1.1.2"

fast-json-stable-stringify@^2.1.0:
  version "2.1.0"
  resolved "https://registry.npmjs.org/fast-json-stable-stringify/-/fast-json-stable-stringify-2.1.0.tgz"

fill-range@^7.1.1:
  version "7.1.1"
  resolved "https://registry.npmjs.org/fill-range/-/fill-range-7.1.1.tgz"
  dependencies:
    to-regex-range "^5.0.1"

finalhandler@1.2.0:
  version "1.2.0"
  resolved "https://registry.npmjs.org/finalhandler/-/finalhandler-1.2.0.tgz"
  dependencies:
    debug "2.6.9"
    encodeurl "~1.0.2"
    escape-html "~1.0.3"
    on-finished "2.4.1"
    parseurl "~1.3.3"
    statuses "2.0.1"
    unpipe "~1.0.0"

forwarded@0.2.0:
  version "0.2.0"
  resolved "https://registry.npmjs.org/forwarded/-/forwarded-0.2.0.tgz"

fresh@0.5.2:
  version "0.5.2"
  resolved "https://registry.npmjs.org/fresh/-/fresh-0.5.2.tgz"

fsevents@2.3.3, fsevents@~2.3.2:
  version "2.3.3"
  resolved "https://registry.yarnpkg.com/fsevents/-/fsevents-2.3.3.tgz#cac6407785d03675a2a5e1a5305c697b347d90d6"
  integrity sha512-5xoDfX+fL7faATnagmWPpbFtwh/R77WmMMqqHGS65C3vvB0YHrgF+B1YmZ3441tMj5n63k0212XNoJwzlhffQw==

function-bind@^1.1.2:
  version "1.1.2"
  resolved "https://registry.npmjs.org/function-bind/-/function-bind-1.1.2.tgz"

get-intrinsic@^1.1.3, get-intrinsic@^1.2.4:
  version "1.2.4"
  resolved "https://registry.npmjs.org/get-intrinsic/-/get-intrinsic-1.2.4.tgz"
  dependencies:
    es-errors "^1.3.0"
    function-bind "^1.1.2"
    has-proto "^1.0.1"
    has-symbols "^1.0.3"
    hasown "^2.0.0"

glob-parent@~5.1.2:
  version "5.1.2"
  resolved "https://registry.npmjs.org/glob-parent/-/glob-parent-5.1.2.tgz"
  dependencies:
    is-glob "^4.0.1"

gopd@^1.0.1:
  version "1.0.1"
  resolved "https://registry.npmjs.org/gopd/-/gopd-1.0.1.tgz"
  dependencies:
    get-intrinsic "^1.1.3"

graphql-query-complexity@^0.12.0:
  version "0.12.0"
  resolved "https://registry.npmjs.org/graphql-query-complexity/-/graphql-query-complexity-0.12.0.tgz"
  dependencies:
    lodash.get "^4.4.2"

graphql-scalars@^1.23.0:
  version "1.23.0"
  resolved "https://registry.npmjs.org/graphql-scalars/-/graphql-scalars-1.23.0.tgz"
  dependencies:
    tslib "^2.5.0"

graphql-tag@^2.11.0:
  version "2.12.6"
  resolved "https://registry.npmjs.org/graphql-tag/-/graphql-tag-2.12.6.tgz"
  dependencies:
    tslib "^2.1.0"

graphql@^16.9.0:
  version "16.9.0"
  resolved "https://registry.npmjs.org/graphql/-/graphql-16.9.0.tgz"

has-flag@^3.0.0:
  version "3.0.0"
  resolved "https://registry.npmjs.org/has-flag/-/has-flag-3.0.0.tgz"

has-property-descriptors@^1.0.2:
  version "1.0.2"
  resolved "https://registry.npmjs.org/has-property-descriptors/-/has-property-descriptors-1.0.2.tgz"
  dependencies:
    es-define-property "^1.0.0"

has-proto@^1.0.1:
  version "1.0.3"
  resolved "https://registry.npmjs.org/has-proto/-/has-proto-1.0.3.tgz"

has-symbols@^1.0.3:
  version "1.0.3"
  resolved "https://registry.npmjs.org/has-symbols/-/has-symbols-1.0.3.tgz"

hasown@^2.0.0:
  version "2.0.2"
  resolved "https://registry.npmjs.org/hasown/-/hasown-2.0.2.tgz"
  dependencies:
    function-bind "^1.1.2"

http-errors@2.0.0:
  version "2.0.0"
  resolved "https://registry.npmjs.org/http-errors/-/http-errors-2.0.0.tgz"
  dependencies:
    depd "2.0.0"
    inherits "2.0.4"
    setprototypeof "1.2.0"
    statuses "2.0.1"
    toidentifier "1.0.1"

husky@^9.1.5:
  version "9.1.5"
  resolved "https://registry.npmjs.org/husky/-/husky-9.1.5.tgz"

iconv-lite@0.4.24:
  version "0.4.24"
  resolved "https://registry.npmjs.org/iconv-lite/-/iconv-lite-0.4.24.tgz"
  dependencies:
    safer-buffer ">= 2.1.2 < 3"

ignore-by-default@^1.0.1:
  version "1.0.1"
  resolved "https://registry.npmjs.org/ignore-by-default/-/ignore-by-default-1.0.1.tgz"

inherits@2.0.4, inherits@^2.0.1:
  version "2.0.4"
  resolved "https://registry.npmjs.org/inherits/-/inherits-2.0.4.tgz"

ip@^2.0.1:
  version "2.0.1"
  resolved "https://registry.npmjs.org/ip/-/ip-2.0.1.tgz"

ipaddr.js@1.9.1:
  version "1.9.1"
  resolved "https://registry.npmjs.org/ipaddr.js/-/ipaddr.js-1.9.1.tgz"

is-binary-path@~2.1.0:
  version "2.1.0"
  resolved "https://registry.npmjs.org/is-binary-path/-/is-binary-path-2.1.0.tgz"
  dependencies:
    binary-extensions "^2.0.0"

is-extglob@^2.1.1:
  version "2.1.1"
  resolved "https://registry.npmjs.org/is-extglob/-/is-extglob-2.1.1.tgz"

is-glob@^4.0.1, is-glob@~4.0.1:
  version "4.0.3"
  resolved "https://registry.npmjs.org/is-glob/-/is-glob-4.0.3.tgz"
  dependencies:
    is-extglob "^2.1.1"

is-number@^7.0.0:
  version "7.0.0"
  resolved "https://registry.npmjs.org/is-number/-/is-number-7.0.0.tgz"

jsonwebtoken@^9.0.2:
  version "9.0.2"
  resolved "https://registry.npmjs.org/jsonwebtoken/-/jsonwebtoken-9.0.2.tgz"
  dependencies:
    jws "^3.2.2"
    lodash.includes "^4.3.0"
    lodash.isboolean "^3.0.3"
    lodash.isinteger "^4.0.4"
    lodash.isnumber "^3.0.3"
    lodash.isplainobject "^4.0.6"
    lodash.isstring "^4.0.1"
    lodash.once "^4.0.0"
    ms "^2.1.1"
    semver "^7.5.4"

jwa@^1.4.1:
  version "1.4.1"
  resolved "https://registry.npmjs.org/jwa/-/jwa-1.4.1.tgz"
  dependencies:
    buffer-equal-constant-time "1.0.1"
    ecdsa-sig-formatter "1.0.11"
    safe-buffer "^5.0.1"

jws@^3.2.2:
  version "3.2.2"
  resolved "https://registry.npmjs.org/jws/-/jws-3.2.2.tgz"
  dependencies:
    jwa "^1.4.1"
    safe-buffer "^5.0.1"

libphonenumber-js@^1.10.53:
  version "1.11.7"
  resolved "https://registry.npmjs.org/libphonenumber-js/-/libphonenumber-js-1.11.7.tgz"

lodash.get@^4.4.2:
  version "4.4.2"
  resolved "https://registry.npmjs.org/lodash.get/-/lodash.get-4.4.2.tgz"

lodash.includes@^4.3.0:
  version "4.3.0"
  resolved "https://registry.npmjs.org/lodash.includes/-/lodash.includes-4.3.0.tgz"

lodash.isboolean@^3.0.3:
  version "3.0.3"
  resolved "https://registry.npmjs.org/lodash.isboolean/-/lodash.isboolean-3.0.3.tgz"

lodash.isinteger@^4.0.4:
  version "4.0.4"
  resolved "https://registry.npmjs.org/lodash.isinteger/-/lodash.isinteger-4.0.4.tgz"

lodash.isnumber@^3.0.3:
  version "3.0.3"
  resolved "https://registry.npmjs.org/lodash.isnumber/-/lodash.isnumber-3.0.3.tgz"

lodash.isplainobject@^4.0.6:
  version "4.0.6"
  resolved "https://registry.npmjs.org/lodash.isplainobject/-/lodash.isplainobject-4.0.6.tgz"

lodash.isstring@^4.0.1:
  version "4.0.1"
  resolved "https://registry.npmjs.org/lodash.isstring/-/lodash.isstring-4.0.1.tgz"

lodash.once@^4.0.0:
  version "4.1.1"
  resolved "https://registry.npmjs.org/lodash.once/-/lodash.once-4.1.1.tgz"

lodash.sortby@^4.7.0:
  version "4.7.0"
  resolved "https://registry.npmjs.org/lodash.sortby/-/lodash.sortby-4.7.0.tgz"

loglevel@^1.6.8:
  version "1.9.1"
  resolved "https://registry.npmjs.org/loglevel/-/loglevel-1.9.1.tgz"

long@^4.0.0:
  version "4.0.0"
  resolved "https://registry.npmjs.org/long/-/long-4.0.0.tgz"

"lru-cache@7.10.1 - 7.13.1":
  version "7.13.1"
  resolved "https://registry.npmjs.org/lru-cache/-/lru-cache-7.13.1.tgz"

lru-cache@^6.0.0:
  version "6.0.0"
  resolved "https://registry.npmjs.org/lru-cache/-/lru-cache-6.0.0.tgz"
  dependencies:
    yallist "^4.0.0"

make-error@^1.1.1:
  version "1.3.6"
  resolved "https://registry.npmjs.org/make-error/-/make-error-1.3.6.tgz"

media-typer@0.3.0:
  version "0.3.0"
  resolved "https://registry.npmjs.org/media-typer/-/media-typer-0.3.0.tgz"

merge-descriptors@1.0.1:
  version "1.0.1"
  resolved "https://registry.npmjs.org/merge-descriptors/-/merge-descriptors-1.0.1.tgz"

methods@~1.1.2:
  version "1.1.2"
  resolved "https://registry.npmjs.org/methods/-/methods-1.1.2.tgz"

mime-db@1.52.0:
  version "1.52.0"
  resolved "https://registry.npmjs.org/mime-db/-/mime-db-1.52.0.tgz"

mime-types@~2.1.24, mime-types@~2.1.34:
  version "2.1.35"
  resolved "https://registry.npmjs.org/mime-types/-/mime-types-2.1.35.tgz"
  dependencies:
    mime-db "1.52.0"

mime@1.6.0:
  version "1.6.0"
  resolved "https://registry.npmjs.org/mime/-/mime-1.6.0.tgz"

minimatch@^3.1.2:
  version "3.1.2"
  resolved "https://registry.npmjs.org/minimatch/-/minimatch-3.1.2.tgz"
  dependencies:
    brace-expansion "^1.1.7"

ms@2.0.0:
  version "2.0.0"
  resolved "https://registry.npmjs.org/ms/-/ms-2.0.0.tgz"

ms@2.1.2:
  version "2.1.2"
  resolved "https://registry.npmjs.org/ms/-/ms-2.1.2.tgz"

ms@2.1.3, ms@^2.1.1:
  version "2.1.3"
  resolved "https://registry.npmjs.org/ms/-/ms-2.1.3.tgz"

negotiator@0.6.3:
  version "0.6.3"
  resolved "https://registry.npmjs.org/negotiator/-/negotiator-0.6.3.tgz"

node-abort-controller@^3.0.1:
  version "3.1.1"
  resolved "https://registry.npmjs.org/node-abort-controller/-/node-abort-controller-3.1.1.tgz"

node-fetch@^2.6.7:
  version "2.7.0"
  resolved "https://registry.npmjs.org/node-fetch/-/node-fetch-2.7.0.tgz"
  dependencies:
    whatwg-url "^5.0.0"

nodemailer@^6.9.15:
  version "6.9.15"
  resolved "https://registry.npmjs.org/nodemailer/-/nodemailer-6.9.15.tgz"
  integrity sha512-AHf04ySLC6CIfuRtRiEYtGEXgRfa6INgWGluDhnxTZhHSKvrBu7lc1VVchQ0d8nPc4cFaZoPq8vkyNoZr0TpGQ==

nodemon@^3.1.4:
  version "3.1.4"
  resolved "https://registry.npmjs.org/nodemon/-/nodemon-3.1.4.tgz"
  dependencies:
    chokidar "^3.5.2"
    debug "^4"
    ignore-by-default "^1.0.1"
    minimatch "^3.1.2"
    pstree.remy "^1.1.8"
    semver "^7.5.3"
    simple-update-notifier "^2.0.0"
    supports-color "^5.5.0"
    touch "^3.1.0"
    undefsafe "^2.0.5"

normalize-path@^3.0.0, normalize-path@~3.0.0:
  version "3.0.0"
  resolved "https://registry.npmjs.org/normalize-path/-/normalize-path-3.0.0.tgz"

object-assign@^4:
  version "4.1.1"
  resolved "https://registry.npmjs.org/object-assign/-/object-assign-4.1.1.tgz"

object-inspect@^1.13.1:
  version "1.13.2"
  resolved "https://registry.npmjs.org/object-inspect/-/object-inspect-1.13.2.tgz"

on-finished@2.4.1:
  version "2.4.1"
  resolved "https://registry.npmjs.org/on-finished/-/on-finished-2.4.1.tgz"
  dependencies:
    ee-first "1.1.1"

parseurl@^1.3.3, parseurl@~1.3.3:
  version "1.3.3"
  resolved "https://registry.npmjs.org/parseurl/-/parseurl-1.3.3.tgz"

path-to-regexp@0.1.7:
  version "0.1.7"
  resolved "https://registry.npmjs.org/path-to-regexp/-/path-to-regexp-0.1.7.tgz"

picomatch@^2.0.4, picomatch@^2.2.1:
  version "2.3.1"
  resolved "https://registry.npmjs.org/picomatch/-/picomatch-2.3.1.tgz"

prisma@^5.19.0:
  version "5.19.0"
  resolved "https://registry.npmjs.org/prisma/-/prisma-5.19.0.tgz"
  dependencies:
    "@prisma/engines" "5.19.0"
  optionalDependencies:
    fsevents "2.3.3"

proxy-addr@~2.0.7:
  version "2.0.7"
  resolved "https://registry.npmjs.org/proxy-addr/-/proxy-addr-2.0.7.tgz"
  dependencies:
    forwarded "0.2.0"
    ipaddr.js "1.9.1"

pstree.remy@^1.1.8:
  version "1.1.8"
  resolved "https://registry.npmjs.org/pstree.remy/-/pstree.remy-1.1.8.tgz"

qs@6.11.0:
  version "6.11.0"
  resolved "https://registry.npmjs.org/qs/-/qs-6.11.0.tgz"
  dependencies:
    side-channel "^1.0.4"

range-parser@~1.2.1:
  version "1.2.1"
  resolved "https://registry.npmjs.org/range-parser/-/range-parser-1.2.1.tgz"

raw-body@2.5.2:
  version "2.5.2"
  resolved "https://registry.npmjs.org/raw-body/-/raw-body-2.5.2.tgz"
  dependencies:
    bytes "3.1.2"
    http-errors "2.0.0"
    iconv-lite "0.4.24"
    unpipe "1.0.0"

readdirp@~3.6.0:
  version "3.6.0"
  resolved "https://registry.npmjs.org/readdirp/-/readdirp-3.6.0.tgz"
  dependencies:
    picomatch "^2.2.1"

reflect-metadata@^0.2.2:
  version "0.2.2"
  resolved "https://registry.npmjs.org/reflect-metadata/-/reflect-metadata-0.2.2.tgz"

retry@0.13.1:
  version "0.13.1"
  resolved "https://registry.npmjs.org/retry/-/retry-0.13.1.tgz"

safe-buffer@5.2.1, safe-buffer@^5.0.1:
  version "5.2.1"
  resolved "https://registry.npmjs.org/safe-buffer/-/safe-buffer-5.2.1.tgz"

"safer-buffer@>= 2.1.2 < 3":
  version "2.1.2"
  resolved "https://registry.npmjs.org/safer-buffer/-/safer-buffer-2.1.2.tgz"

semver@^7.5.3, semver@^7.5.4:
  version "7.6.3"
  resolved "https://registry.npmjs.org/semver/-/semver-7.6.3.tgz"

send@0.18.0:
  version "0.18.0"
  resolved "https://registry.npmjs.org/send/-/send-0.18.0.tgz"
  dependencies:
    debug "2.6.9"
    depd "2.0.0"
    destroy "1.2.0"
    encodeurl "~1.0.2"
    escape-html "~1.0.3"
    etag "~1.8.1"
    fresh "0.5.2"
    http-errors "2.0.0"
    mime "1.6.0"
    ms "2.1.3"
    on-finished "2.4.1"
    range-parser "~1.2.1"
    statuses "2.0.1"

serve-static@1.15.0:
  version "1.15.0"
  resolved "https://registry.npmjs.org/serve-static/-/serve-static-1.15.0.tgz"
  dependencies:
    encodeurl "~1.0.2"
    escape-html "~1.0.3"
    parseurl "~1.3.3"
    send "0.18.0"

set-function-length@^1.2.1:
  version "1.2.2"
  resolved "https://registry.npmjs.org/set-function-length/-/set-function-length-1.2.2.tgz"
  dependencies:
    define-data-property "^1.1.4"
    es-errors "^1.3.0"
    function-bind "^1.1.2"
    get-intrinsic "^1.2.4"
    gopd "^1.0.1"
    has-property-descriptors "^1.0.2"

setprototypeof@1.2.0:
  version "1.2.0"
  resolved "https://registry.npmjs.org/setprototypeof/-/setprototypeof-1.2.0.tgz"

sha.js@^2.4.11:
  version "2.4.11"
  resolved "https://registry.npmjs.org/sha.js/-/sha.js-2.4.11.tgz"
  dependencies:
    inherits "^2.0.1"
    safe-buffer "^5.0.1"

side-channel@^1.0.4:
  version "1.0.6"
  resolved "https://registry.npmjs.org/side-channel/-/side-channel-1.0.6.tgz"
  dependencies:
    call-bind "^1.0.7"
    es-errors "^1.3.0"
    get-intrinsic "^1.2.4"
    object-inspect "^1.13.1"

simple-update-notifier@^2.0.0:
  version "2.0.0"
  resolved "https://registry.npmjs.org/simple-update-notifier/-/simple-update-notifier-2.0.0.tgz"
  dependencies:
    semver "^7.5.3"

statuses@2.0.1:
  version "2.0.1"
  resolved "https://registry.npmjs.org/statuses/-/statuses-2.0.1.tgz"

supports-color@^5.5.0:
  version "5.5.0"
  resolved "https://registry.npmjs.org/supports-color/-/supports-color-5.5.0.tgz"
  dependencies:
    has-flag "^3.0.0"

to-regex-range@^5.0.1:
  version "5.0.1"
  resolved "https://registry.npmjs.org/to-regex-range/-/to-regex-range-5.0.1.tgz"
  dependencies:
    is-number "^7.0.0"

toidentifier@1.0.1:
  version "1.0.1"
  resolved "https://registry.npmjs.org/toidentifier/-/toidentifier-1.0.1.tgz"

touch@^3.1.0:
  version "3.1.1"
  resolved "https://registry.npmjs.org/touch/-/touch-3.1.1.tgz"

tr46@~0.0.3:
  version "0.0.3"
  resolved "https://registry.npmjs.org/tr46/-/tr46-0.0.3.tgz"

ts-node@^10.9.2:
  version "10.9.2"
  resolved "https://registry.npmjs.org/ts-node/-/ts-node-10.9.2.tgz"
  dependencies:
    "@cspotcode/source-map-support" "^0.8.0"
    "@tsconfig/node10" "^1.0.7"
    "@tsconfig/node12" "^1.0.7"
    "@tsconfig/node14" "^1.0.0"
    "@tsconfig/node16" "^1.0.2"
    acorn "^8.4.1"
    acorn-walk "^8.1.1"
    arg "^4.1.0"
    create-require "^1.1.0"
    diff "^4.0.1"
    make-error "^1.1.1"
    v8-compile-cache-lib "^3.0.1"
    yn "3.1.1"

tslib@^2.1.0, tslib@^2.4.0, tslib@^2.5.2, tslib@^2.6.2, tslib@^2.6.3:
  version "2.6.3"
  resolved "https://registry.npmjs.org/tslib/-/tslib-2.6.3.tgz"

tslib@^2.5.0:
  version "2.7.0"
  resolved "https://registry.npmjs.org/tslib/-/tslib-2.7.0.tgz"

type-graphql@^2.0.0-rc.2:
  version "2.0.0-rc.2"
  resolved "https://registry.npmjs.org/type-graphql/-/type-graphql-2.0.0-rc.2.tgz"
  dependencies:
    "@graphql-yoga/subscription" "^5.0.0"
    "@types/node" "^20.14.0"
    "@types/semver" "^7.5.6"
    graphql-query-complexity "^0.12.0"
    semver "^7.5.4"
    tslib "^2.6.2"

type-is@~1.6.18:
  version "1.6.18"
  resolved "https://registry.npmjs.org/type-is/-/type-is-1.6.18.tgz"
  dependencies:
    media-typer "0.3.0"
    mime-types "~2.1.24"

typescript@^5.5.4:
  version "5.5.4"
  resolved "https://registry.npmjs.org/typescript/-/typescript-5.5.4.tgz"

undefsafe@^2.0.5:
  version "2.0.5"
  resolved "https://registry.npmjs.org/undefsafe/-/undefsafe-2.0.5.tgz"

undici-types@~6.19.2:
  version "6.19.8"
  resolved "https://registry.npmjs.org/undici-types/-/undici-types-6.19.8.tgz"

undici-types@~6.21.0:
  version "6.21.0"
  resolved "https://registry.yarnpkg.com/undici-types/-/undici-types-6.21.0.tgz#691d00af3909be93a7faa13be61b3a5b50ef12cb"
  integrity sha512-iwDZqg0QAGrg9Rav5H4n0M64c3mkR59cJ6wQp+7C4nI0gsmExaedaYLNO44eT4AtBBwjbTiGPMlt2Md0T9H9JQ==

unpipe@1.0.0, unpipe@~1.0.0:
  version "1.0.0"
  resolved "https://registry.npmjs.org/unpipe/-/unpipe-1.0.0.tgz"

utils-merge@1.0.1:
  version "1.0.1"
  resolved "https://registry.npmjs.org/utils-merge/-/utils-merge-1.0.1.tgz"

uuid@^9.0.0:
  version "9.0.1"
  resolved "https://registry.npmjs.org/uuid/-/uuid-9.0.1.tgz"

v8-compile-cache-lib@^3.0.1:
  version "3.0.1"
  resolved "https://registry.npmjs.org/v8-compile-cache-lib/-/v8-compile-cache-lib-3.0.1.tgz"

validator@^13.9.0:
  version "13.12.0"
  resolved "https://registry.npmjs.org/validator/-/validator-13.12.0.tgz"

value-or-promise@1.0.11:
  version "1.0.11"
  resolved "https://registry.npmjs.org/value-or-promise/-/value-or-promise-1.0.11.tgz"

value-or-promise@^1.0.12:
  version "1.0.12"
  resolved "https://registry.npmjs.org/value-or-promise/-/value-or-promise-1.0.12.tgz"

vary@^1, vary@~1.1.2:
  version "1.1.2"
  resolved "https://registry.npmjs.org/vary/-/vary-1.1.2.tgz"

webidl-conversions@^3.0.0:
  version "3.0.1"
  resolved "https://registry.npmjs.org/webidl-conversions/-/webidl-conversions-3.0.1.tgz"

whatwg-mimetype@^3.0.0:
  version "3.0.0"
  resolved "https://registry.npmjs.org/whatwg-mimetype/-/whatwg-mimetype-3.0.0.tgz"

whatwg-url@^5.0.0:
  version "5.0.0"
  resolved "https://registry.npmjs.org/whatwg-url/-/whatwg-url-5.0.0.tgz"
  dependencies:
    tr46 "~0.0.3"
    webidl-conversions "^3.0.0"

xss@^1.0.8:
  version "1.0.15"
  resolved "https://registry.npmjs.org/xss/-/xss-1.0.15.tgz"
  dependencies:
    commander "^2.20.3"
    cssfilter "0.0.10"

yallist@^4.0.0:
  version "4.0.0"
  resolved "https://registry.npmjs.org/yallist/-/yallist-4.0.0.tgz"

yn@3.1.1:
  version "3.1.1"
  resolved "https://registry.npmjs.org/yn/-/yn-3.1.1.tgz"
